
Microsoft Visual Studio Solution File, Format Version 12.00
# Visual Studio Version 17
VisualStudioVersion = 17.10.34928.147
MinimumVisualStudioVersion = 10.0.40219.1
Project("{9A19103F-16F7-4668-BE54-9A1E7A4F7556}") = "FlightSearch.API", "FlightSearch.API\FlightSearch.API.csproj", "{417C3B42-A851-4FA1-8DF4-6BB5A86781AD}"
EndProject
Project("{2150E333-8FDC-42A3-9474-1A3956D46DE8}") = "Services", "Services", "{E8DFF8EA-0C24-45B5-8B39-9E23CCC08754}"
EndProject
Project("{2150E333-8FDC-42A3-9474-1A3956D46DE8}") = "BuildingBlocks", "BuildingBlocks", "{8069B982-B780-44FE-AC93-D6916FEFBAF9}"
EndProject
Project("{9A19103F-16F7-4668-BE54-9A1E7A4F7556}") = "BuildingBlocks", "BuildingBlocks\BuildingBlocks\BuildingBlocks.csproj", "{95E5230C-3822-41C6-8B3B-DB90EDF2B304}"
EndProject
Project("{9A19103F-16F7-4668-BE54-9A1E7A4F7556}") = "FlightSearch.Domain", "FlightSearch.Domain\FlightSearch.Domain.csproj", "{CD96351E-39E3-4559-BE6B-C8DEF73B6C0D}"
EndProject
Project("{9A19103F-16F7-4668-BE54-9A1E7A4F7556}") = "FlightSearch.Application", "FlightSearch.Application\FlightSearch.Application.csproj", "{0D987FF5-85B4-4174-A7DE-561115E0F530}"
EndProject
Global
	GlobalSection(SolutionConfigurationPlatforms) = preSolution
		Debug|Any CPU = Debug|Any CPU
		Release|Any CPU = Release|Any CPU
	EndGlobalSection
	GlobalSection(ProjectConfigurationPlatforms) = postSolution
		{417C3B42-A851-4FA1-8DF4-6BB5A86781AD}.Debug|Any CPU.ActiveCfg = Debug|Any CPU
		{417C3B42-A851-4FA1-8DF4-6BB5A86781AD}.Debug|Any CPU.Build.0 = Debug|Any CPU
		{417C3B42-A851-4FA1-8DF4-6BB5A86781AD}.Release|Any CPU.ActiveCfg = Release|Any CPU
		{417C3B42-A851-4FA1-8DF4-6BB5A86781AD}.Release|Any CPU.Build.0 = Release|Any CPU
		{95E5230C-3822-41C6-8B3B-DB90EDF2B304}.Debug|Any CPU.ActiveCfg = Debug|Any CPU
		{95E5230C-3822-41C6-8B3B-DB90EDF2B304}.Debug|Any CPU.Build.0 = Debug|Any CPU
		{95E5230C-3822-41C6-8B3B-DB90EDF2B304}.Release|Any CPU.ActiveCfg = Release|Any CPU
		{95E5230C-3822-41C6-8B3B-DB90EDF2B304}.Release|Any CPU.Build.0 = Release|Any CPU
		{CD96351E-39E3-4559-BE6B-C8DEF73B6C0D}.Debug|Any CPU.ActiveCfg = Debug|Any CPU
		{CD96351E-39E3-4559-BE6B-C8DEF73B6C0D}.Debug|Any CPU.Build.0 = Debug|Any CPU
		{CD96351E-39E3-4559-BE6B-C8DEF73B6C0D}.Release|Any CPU.ActiveCfg = Release|Any CPU
		{CD96351E-39E3-4559-BE6B-C8DEF73B6C0D}.Release|Any CPU.Build.0 = Release|Any CPU
		{0D987FF5-85B4-4174-A7DE-561115E0F530}.Debug|Any CPU.ActiveCfg = Debug|Any CPU
		{0D987FF5-85B4-4174-A7DE-561115E0F530}.Debug|Any CPU.Build.0 = Debug|Any CPU
		{0D987FF5-85B4-4174-A7DE-561115E0F530}.Release|Any CPU.ActiveCfg = Release|Any CPU
		{0D987FF5-85B4-4174-A7DE-561115E0F530}.Release|Any CPU.Build.0 = Release|Any CPU
	EndGlobalSection
	GlobalSection(SolutionProperties) = preSolution
		HideSolutionNode = FALSE
	EndGlobalSection
	GlobalSection(NestedProjects) = preSolution
		{417C3B42-A851-4FA1-8DF4-6BB5A86781AD} = {E8DFF8EA-0C24-45B5-8B39-9E23CCC08754}
		{95E5230C-3822-41C6-8B3B-DB90EDF2B304} = {8069B982-B780-44FE-AC93-D6916FEFBAF9}
		{CD96351E-39E3-4559-BE6B-C8DEF73B6C0D} = {E8DFF8EA-0C24-45B5-8B39-9E23CCC08754}
		{0D987FF5-85B4-4174-A7DE-561115E0F530} = {E8DFF8EA-0C24-45B5-8B39-9E23CCC08754}
	EndGlobalSection
	GlobalSection(ExtensibilityGlobals) = postSolution
		SolutionGuid = {7E078656-6F51-49D6-8530-E64BBA551585}
	EndGlobalSection
EndGlobal
